PODS:
  - React (0.11.0):
    - React/Core (= 0.11.0)
  - react-native-image-picker (0.28.1):
    - React
  - React/Core (0.11.0)
  - Stripe (14.0.0)
  - tipsi-stripe (7.5.0):
    - React
    - Stripe (~> 14.0.0)
  - TouchID (4.4.1):
    - React
  - TwilioVoice (2.0.7)

DEPENDENCIES:
  - react-native-image-picker (from `../node_modules/react-native-image-picker`)
  - Stripe (~> 14.0.0)
  - tipsi-stripe (from `../node_modules/tipsi-stripe`)
  - TouchID (from `../node_modules/react-native-touch-id`)
  - TwilioVoice (~> 2.0.0)

SPEC REPOS:
  https://github.com/cocoapods/specs.git:
    - React
    - Stripe
    - TwilioVoice

EXTERNAL SOURCES:
  react-native-image-picker:
    :path: "../node_modules/react-native-image-picker"
  tipsi-stripe:
    :path: "../node_modules/tipsi-stripe"
  TouchID:
    :path: "../node_modules/react-native-touch-id"

SPEC CHECKSUMS:
  React: ab1a2e21deb34965c38328d5ec40cc7d12c6050a
  react-native-image-picker: f42de90075c5b1af53417af927631d909a1a746e
  Stripe: db29ad197c74aca6fb981e4e8355cf7ebd0fca5a
  tipsi-stripe: 237cab79699eb7d354bfc09238b3284e3b8dad84
  TouchID: b0640fedb86fa2db2fe1df15b61594ad49e76288
  TwilioVoice: c0eacff80ee4d9b1e5f8c789ce8c5747c09e6140

PODFILE CHECKSUM: 68ceeaf19b433a874be97b7ddefbf89ee19f246d

COCOAPODS: 1.5.3
